{
    "_meta": {
        "hash": {
            "sha256": "7f64801f65f94ca7fe727989cf776dcf3f506ffda656701450200674668fb7c4"
        },
        "pipfile-spec": 6,
        "requires": {
            "python_version": "3.7"
        },
        "sources": [
            {
                "name": "pypi",
                "url": "https://pypi.org/simple",
                "verify_ssl": true
            }
        ]
    },
    "default": {
        "asgiref": {
            "hashes": [],
            "version": "==3.7.2"
        },
        "boto3": {
            "hashes": [],
            "version": "==1.34.39"
        },
        "botocore": {
            "hashes": [],
            "version": "==1.34.39"
        },
        "dj-database-url": {
            "hashes": [],
            "version": "==2.1.0"
        },
        "django": {
            "hashes": [],
            "version": "==5.0.2"
        },
        "django-s3-folder-storage": {
            "hashes": [
                "sha256:eb5fd3994726f5b87ddc0ea1a6f1af3f598f9d743127c27d6dae111d18a79abe"
            ],
            "index": "pypi",
            "version": "==0.5"
        },
        "django-storages": {
            "hashes": [],
            "version": "==1.14.2"
        },
        "docutils": {
            "hashes": [],
            "version": "==0.20.1"
        },
        "entrypoints": {
            "hashes": [
                "sha256:b706eddaa9218a19ebcd67b56818f05bb27589b1ca9e8d797b74affad4ccacd4",
                "sha256:f174b5ff827504fd3cd97cc3f8649f3693f51538c7e4bdf3ef002c8429d42f9f"
            ],
            "version": "==0.4"
        },
        "flake8": {
            "hashes": [],
            "version": "==7.0.0"
        },
        "gunicorn": {
            "hashes": [],
            "version": "==21.2.0"
        },
        "jmespath": {
            "hashes": [
                "sha256:02e2e4cc71b5bcab88332eebf907519190dd9e6e82107fa7f83b1003a6252980",
                "sha256:90261b206d6defd58fdd5e85f478bf633a2901798906be2ad389150c5c60edbe"
            ],
            "version": "==1.0.1"
        },
        "mccabe": {
            "hashes": [
                "sha256:348e0240c33b60bbdf4e523192ef919f28cb2c3d7d5c7794f74009290f236325",
                "sha256:6c2d30ab6be0e4a46919781807b4f0d834ebdd6c6e3dca0bda5a15f863427b6e"
            ],
            "version": "==0.7.0"
        },
        "psycopg2-binary": {
            "hashes": [],
            "version": "==2.9.9"
        },
        "pycodestyle": {
            "hashes": [],
            "version": "==2.11.1"
        },
        "pyflakes": {
            "hashes": [],
            "version": "==3.2.0"
        },
        "python-dateutil": {
            "hashes": [
                "sha256:0123cacc1627ae19ddf3c27a5de5bd67ee4586fbdd6440d9748f8abb483d3e86",
                "sha256:961d03dc3453ebbc59dbdea9e4e11c5651520a876d0f4db161e8674aae935da9"
            ],
            "version": "==2.8.2"
        },
        "python-decouple": {
            "hashes": [],
            "version": "==3.8"
        },
        "pytz": {
            "hashes": [],
            "version": "==2024.1"
        },
        "s3transfer": {
            "hashes": [],
            "version": "==0.10.0"
        },
        "six": {
            "hashes": [
                "sha256:1e61c37477a1626458e36f7b1d82aa5c9b094fa4802892072e49de9c60c4c926",
                "sha256:8abb2f1d86890a2dfb989f9a77cfcfd3e47c2a354b01111771326f8aa26e0254"
            ],
            "version": "==1.16.0"
        },
        "sqlparse": {
            "hashes": [],
            "version": "==0.4.4"
        },
        "urllib3": {
            "hashes": [],
            "version": "==2.2.0"
        }
    },
    "develop": {
        "atomicwrites": {
            "hashes": [],
            "version": "==1.4.1"
        },
        "attrs": {
            "hashes": [],
            "version": "==23.2.0"
        },
        "certifi": {
            "hashes": [],
            "version": "==2024.2.2"
        },
        "chardet": {
            "hashes": [],
            "version": "==5.2.0"
        },
        "codecov": {
            "hashes": [],
            "version": "==2.1.13"
        },
        "colorama": {
            "hashes": [],
            "version": "==0.4.6"
        },
        "coverage": {
            "hashes": [],
            "version": "==7.4.1"
        },
        "idna": {
            "hashes": [],
            "version": "==3.6"
        },
        "importlib-metadata": {
            "hashes": [],
            "version": "==7.0.1"
        },
        "more-itertools": {
            "hashes": [],
            "version": "==10.2.0"
        },
        "packaging": {
            "hashes": [],
            "version": "==23.2"
        },
        "pluggy": {
            "hashes": [],
            "version": "==1.4.0"
        },
        "py": {
            "hashes": [
                "sha256:51c75c4126074b472f746a24399ad32f6053d1b34b68d2fa41e558e6f4a98719",
                "sha256:607c53218732647dff4acdfcd50cb62615cedf612e72d1724fb1a0cc6405b378"
            ],
            "version": "==1.11.0"
        },
        "pyparsing": {
            "hashes": [],
            "version": "==3.1.1"
        },
        "pytest": {
            "hashes": [],
            "version": "==8.0.0"
        },
        "pytest-cov": {
            "hashes": [],
            "version": "==4.1.0"
        },
        "pytest-django": {
            "hashes": [
                "sha256:c60834861933773109334fe5a53e83d1ef4828f2203a1d6a0fa9972f4f75ab3e",
                "sha256:d9076f759bb7c36939dbdd5ae6633c18edfc2902d1a69fdbefd2426b970ce6c2"
            ],
            "version": "==4.5.2"
        },
        "requests": {
            "hashes": [],
            "version": "==2.31.0"
        },
        "six": {
            "hashes": [
                "sha256:1e61c37477a1626458e36f7b1d82aa5c9b094fa4802892072e49de9c60c4c926",
                "sha256:8abb2f1d86890a2dfb989f9a77cfcfd3e47c2a354b01111771326f8aa26e0254"
            ],
            "version": "==1.16.0"
        },
        "urllib3": {
            "hashes": [],
            "version": "==2.2.0"
        },
        "wcwidth": {
            "hashes": [],
            "version": "==0.2.6"
        },
        "zipp": {
            "hashes": [],
            "version": "==3.15.0"
        }
    }
}
